
Microsoft Visual Studio Solution File, Format Version 12.00
# Visual Studio Version 17
VisualStudioVersion = 17.6.33513.286
MinimumVisualStudioVersion = 10.0.40219.1
Project("{2150E333-8FDC-42A3-9474-1A3956D46DE8}") = "Presentation", "Presentation", "{99F473C6-493C-4F6B-A1CC-E83DBDB5A4FC}"
EndProject
Project("{2150E333-8FDC-42A3-9474-1A3956D46DE8}") = "src", "src", "{FFEAA1B4-335E-4FE6-BC2E-8DCF555E356C}"
EndProject
Project("{2150E333-8FDC-42A3-9474-1A3956D46DE8}") = "Application", "Application", "{C7F2111E-A7E4-432C-B817-395FE14D372E}"
EndProject
Project("{2150E333-8FDC-42A3-9474-1A3956D46DE8}") = "Domain", "Domain", "{D491A1E0-EA5A-449F-B8F6-2991D21A63AB}"
EndProject
Project("{2150E333-8FDC-42A3-9474-1A3956D46DE8}") = "Infrastructure", "Infrastructure", "{C1EFE17E-2F19-46B1-9484-867B0D8DF933}"
EndProject
Project("{9A19103F-16F7-4668-BE54-9A1E7A4F7556}") = "HomeMedia.Application", "src\Application\HomeMedia.Application\HomeMedia.Application.csproj", "{D8100886-576B-4AE7-98A6-33AA8D5795D6}"
EndProject
Project("{9A19103F-16F7-4668-BE54-9A1E7A4F7556}") = "HomeMedia.Models", "src\Domain\HomeMedia.Models\HomeMedia.Models.csproj", "{749CD9D6-628A-4EB3-9D1D-968E2E78F496}"
EndProject
Project("{9A19103F-16F7-4668-BE54-9A1E7A4F7556}") = "HomeMedia.Infrastructure", "src\Infrastructure\HomeMedia.Infrastructure\HomeMedia.Infrastructure.csproj", "{9558208A-5394-45B7-8D22-C6CB4B523EBF}"
EndProject
Project("{2150E333-8FDC-42A3-9474-1A3956D46DE8}") = "tests", "tests", "{3D19B3D8-C9CF-4BD1-93D8-D8D994A857D8}"
EndProject
Project("{2150E333-8FDC-42A3-9474-1A3956D46DE8}") = "docs", "docs", "{1C41E9FD-0839-4DD3-8CFE-A8A86B4C15BE}"
	ProjectSection(SolutionItems) = preProject
		docs\Resources.txt = docs\Resources.txt
	EndProjectSection
EndProject
Project("{9A19103F-16F7-4668-BE54-9A1E7A4F7556}") = "HomeMedia.Contracts", "src\Presentation\HomeMedia.Contracts\HomeMedia.Contracts.csproj", "{99AE9CB9-DDED-4E72-942A-AFEC34E958A2}"
EndProject
Project("{9A19103F-16F7-4668-BE54-9A1E7A4F7556}") = "HomeMedia.PiProxy", "src\Presentation\HomeMedia.PiProxy\HomeMedia.PiProxy.csproj", "{81D6B107-D187-4CA9-8755-17BA20BEAE47}"
EndProject
Project("{9A19103F-16F7-4668-BE54-9A1E7A4F7556}") = "HomeMedia.MobileApp", "src\Presentation\HomeMedia.MobileApp\HomeMedia.MobileApp.csproj", "{DE68771A-BAEF-4B3A-BF5A-4A104F6FB557}"
EndProject
Project("{9A19103F-16F7-4668-BE54-9A1E7A4F7556}") = "HomeMedia.MediaSearchFunction", "src\Presentation\HomeMedia.MediaSearchFunction\HomeMedia.MediaSearchFunction.csproj", "{18330F0E-EC1C-426B-8DB6-2DEC796CD649}"
EndProject
Global
	GlobalSection(SolutionConfigurationPlatforms) = preSolution
		Debug|Any CPU = Debug|Any CPU
		Release|Any CPU = Release|Any CPU
	EndGlobalSection
	GlobalSection(ProjectConfigurationPlatforms) = postSolution
		{D8100886-576B-4AE7-98A6-33AA8D5795D6}.Debug|Any CPU.ActiveCfg = Debug|Any CPU
		{D8100886-576B-4AE7-98A6-33AA8D5795D6}.Debug|Any CPU.Build.0 = Debug|Any CPU
		{D8100886-576B-4AE7-98A6-33AA8D5795D6}.Release|Any CPU.ActiveCfg = Release|Any CPU
		{D8100886-576B-4AE7-98A6-33AA8D5795D6}.Release|Any CPU.Build.0 = Release|Any CPU
		{749CD9D6-628A-4EB3-9D1D-968E2E78F496}.Debug|Any CPU.ActiveCfg = Debug|Any CPU
		{749CD9D6-628A-4EB3-9D1D-968E2E78F496}.Debug|Any CPU.Build.0 = Debug|Any CPU
		{749CD9D6-628A-4EB3-9D1D-968E2E78F496}.Release|Any CPU.ActiveCfg = Release|Any CPU
		{749CD9D6-628A-4EB3-9D1D-968E2E78F496}.Release|Any CPU.Build.0 = Release|Any CPU
		{9558208A-5394-45B7-8D22-C6CB4B523EBF}.Debug|Any CPU.ActiveCfg = Debug|Any CPU
		{9558208A-5394-45B7-8D22-C6CB4B523EBF}.Debug|Any CPU.Build.0 = Debug|Any CPU
		{9558208A-5394-45B7-8D22-C6CB4B523EBF}.Release|Any CPU.ActiveCfg = Release|Any CPU
		{9558208A-5394-45B7-8D22-C6CB4B523EBF}.Release|Any CPU.Build.0 = Release|Any CPU
		{99AE9CB9-DDED-4E72-942A-AFEC34E958A2}.Debug|Any CPU.ActiveCfg = Debug|Any CPU
		{99AE9CB9-DDED-4E72-942A-AFEC34E958A2}.Debug|Any CPU.Build.0 = Debug|Any CPU
		{99AE9CB9-DDED-4E72-942A-AFEC34E958A2}.Release|Any CPU.ActiveCfg = Release|Any CPU
		{99AE9CB9-DDED-4E72-942A-AFEC34E958A2}.Release|Any CPU.Build.0 = Release|Any CPU
		{81D6B107-D187-4CA9-8755-17BA20BEAE47}.Debug|Any CPU.ActiveCfg = Debug|Any CPU
		{81D6B107-D187-4CA9-8755-17BA20BEAE47}.Debug|Any CPU.Build.0 = Debug|Any CPU
		{81D6B107-D187-4CA9-8755-17BA20BEAE47}.Release|Any CPU.ActiveCfg = Release|Any CPU
		{81D6B107-D187-4CA9-8755-17BA20BEAE47}.Release|Any CPU.Build.0 = Release|Any CPU
		{DE68771A-BAEF-4B3A-BF5A-4A104F6FB557}.Debug|Any CPU.ActiveCfg = Debug|Any CPU
		{DE68771A-BAEF-4B3A-BF5A-4A104F6FB557}.Debug|Any CPU.Build.0 = Debug|Any CPU
		{DE68771A-BAEF-4B3A-BF5A-4A104F6FB557}.Debug|Any CPU.Deploy.0 = Debug|Any CPU
		{DE68771A-BAEF-4B3A-BF5A-4A104F6FB557}.Release|Any CPU.ActiveCfg = Release|Any CPU
		{DE68771A-BAEF-4B3A-BF5A-4A104F6FB557}.Release|Any CPU.Build.0 = Release|Any CPU
		{DE68771A-BAEF-4B3A-BF5A-4A104F6FB557}.Release|Any CPU.Deploy.0 = Release|Any CPU
		{18330F0E-EC1C-426B-8DB6-2DEC796CD649}.Debug|Any CPU.ActiveCfg = Debug|Any CPU
		{18330F0E-EC1C-426B-8DB6-2DEC796CD649}.Debug|Any CPU.Build.0 = Debug|Any CPU
		{18330F0E-EC1C-426B-8DB6-2DEC796CD649}.Release|Any CPU.ActiveCfg = Release|Any CPU
		{18330F0E-EC1C-426B-8DB6-2DEC796CD649}.Release|Any CPU.Build.0 = Release|Any CPU
	EndGlobalSection
	GlobalSection(SolutionProperties) = preSolution
		HideSolutionNode = FALSE
	EndGlobalSection
	GlobalSection(NestedProjects) = preSolution
		{99F473C6-493C-4F6B-A1CC-E83DBDB5A4FC} = {FFEAA1B4-335E-4FE6-BC2E-8DCF555E356C}
		{C7F2111E-A7E4-432C-B817-395FE14D372E} = {FFEAA1B4-335E-4FE6-BC2E-8DCF555E356C}
		{D491A1E0-EA5A-449F-B8F6-2991D21A63AB} = {FFEAA1B4-335E-4FE6-BC2E-8DCF555E356C}
		{C1EFE17E-2F19-46B1-9484-867B0D8DF933} = {FFEAA1B4-335E-4FE6-BC2E-8DCF555E356C}
		{D8100886-576B-4AE7-98A6-33AA8D5795D6} = {C7F2111E-A7E4-432C-B817-395FE14D372E}
		{749CD9D6-628A-4EB3-9D1D-968E2E78F496} = {D491A1E0-EA5A-449F-B8F6-2991D21A63AB}
		{9558208A-5394-45B7-8D22-C6CB4B523EBF} = {C1EFE17E-2F19-46B1-9484-867B0D8DF933}
		{99AE9CB9-DDED-4E72-942A-AFEC34E958A2} = {99F473C6-493C-4F6B-A1CC-E83DBDB5A4FC}
		{81D6B107-D187-4CA9-8755-17BA20BEAE47} = {99F473C6-493C-4F6B-A1CC-E83DBDB5A4FC}
		{DE68771A-BAEF-4B3A-BF5A-4A104F6FB557} = {99F473C6-493C-4F6B-A1CC-E83DBDB5A4FC}
		{18330F0E-EC1C-426B-8DB6-2DEC796CD649} = {99F473C6-493C-4F6B-A1CC-E83DBDB5A4FC}
	EndGlobalSection
	GlobalSection(ExtensibilityGlobals) = postSolution
		SolutionGuid = {72CB8909-8D36-4CD5-8275-A0433E06E63F}
	EndGlobalSection
EndGlobal
